{
    "version": 3,
    "terraform_version": "0.11.11",
    "serial": 6,
    "lineage": "22be641c-d667-9ce6-a6e6-177b431c1358",
    "modules": [
        {
            "path": [
                "root"
            ],
            "outputs": {},
            "resources": {
                "aws_instance.dev_tf_instance1": {
                    "type": "aws_instance",
                    "depends_on": [],
                    "primary": {
                        "id": "i-0ceb1e187fd36ade0",
                        "attributes": {
                            "ami": "ami-06ea7729e394412c8",
                            "arn": "arn:aws:ec2:us-east-1:620527671072:instance/i-0ceb1e187fd36ade0",
                            "associate_public_ip_address": "false",
                            "availability_zone": "us-east-1a",
                            "cpu_core_count": "1",
                            "cpu_threads_per_core": "1",
                            "credit_specification.#": "1",
                            "credit_specification.0.cpu_credits": "standard",
                            "disable_api_termination": "false",
                            "ebs_block_device.#": "0",
                            "ebs_optimized": "false",
                            "ephemeral_block_device.#": "0",
                            "get_password_data": "false",
                            "iam_instance_profile": "",
                            "id": "i-0ceb1e187fd36ade0",
                            "instance_state": "running",
                            "instance_type": "t2.micro",
                            "ipv6_addresses.#": "0",
                            "key_name": "arenzo",
                            "monitoring": "false",
                            "network_interface.#": "0",
                            "network_interface_id": "eni-0d41a644bcf2d07cd",
                            "password_data": "",
                            "placement_group": "",
                            "primary_network_interface_id": "eni-0d41a644bcf2d07cd",
                            "private_dns": "ip-172-17-15-58.ec2.internal",
                            "private_ip": "172.17.15.58",
                            "public_dns": "",
                            "public_ip": "",
                            "root_block_device.#": "1",
                            "root_block_device.0.delete_on_termination": "true",
                            "root_block_device.0.iops": "100",
                            "root_block_device.0.volume_id": "vol-05bc1db4c0e658ae6",
                            "root_block_device.0.volume_size": "10",
                            "root_block_device.0.volume_type": "gp2",
                            "security_groups.#": "0",
                            "source_dest_check": "true",
                            "subnet_id": "subnet-6cc48744",
                            "tags.%": "4",
                            "tags.Deployment": "terraform",
                            "tags.Hello": "World",
                            "tags.Name": "dev_test_tf_instance1",
                            "tags.OS": "OpenSuSe",
                            "tenancy": "default",
                            "volume_tags.%": "0",
                            "vpc_security_group_ids.#": "1",
                            "vpc_security_group_ids.166961461": "sg-66ba7703"
                        },
                        "meta": {
                            "e2bfb730-ecaa-11e6-8f88-34363bc7c4c0": {
                                "create": 600000000000,
                                "delete": 1200000000000,
                                "update": 600000000000
                            },
                            "schema_version": "1"
                        },
                        "tainted": false
                    },
                    "deposed": [],
                    "provider": "provider.aws"
                }
            },
            "depends_on": []
        }
    ]
}
